
Microsoft Visual Studio Solution File, Format Version 12.00
# Visual Studio Version 16
VisualStudioVersion = 16.0.30907.101
MinimumVisualStudioVersion = 10.0.40219.1
Project("{9A19103F-16F7-4668-BE54-9A1E7A4F7556}") = "USP.DataStructures.Practice.Console", "USP.DataStructures.Practice.Console\USP.DataStructures.Practice.Console.csproj", "{CC85C2F2-9232-4CA8-B7DB-01889E0A952A}"
EndProject
Project("{FAE04EC0-301F-11D3-BF4B-00C04F79EFBC}") = "USP.DataStructures.Practice.Library", "USP.DataStructures.Practice.Library\USP.DataStructures.Practice.Library.csproj", "{9A27917B-2D46-4394-AB5F-0B2A5B6D0B6A}"
EndProject
Global
	GlobalSection(SolutionConfigurationPlatforms) = preSolution
		Debug|Any CPU = Debug|Any CPU
		Release|Any CPU = Release|Any CPU
	EndGlobalSection
	GlobalSection(ProjectConfigurationPlatforms) = postSolution
		{CC85C2F2-9232-4CA8-B7DB-01889E0A952A}.Debug|Any CPU.ActiveCfg = Debug|Any CPU
		{CC85C2F2-9232-4CA8-B7DB-01889E0A952A}.Debug|Any CPU.Build.0 = Debug|Any CPU
		{CC85C2F2-9232-4CA8-B7DB-01889E0A952A}.Release|Any CPU.ActiveCfg = Release|Any CPU
		{CC85C2F2-9232-4CA8-B7DB-01889E0A952A}.Release|Any CPU.Build.0 = Release|Any CPU
		{9A27917B-2D46-4394-AB5F-0B2A5B6D0B6A}.Debug|Any CPU.ActiveCfg = Debug|Any CPU
		{9A27917B-2D46-4394-AB5F-0B2A5B6D0B6A}.Debug|Any CPU.Build.0 = Debug|Any CPU
		{9A27917B-2D46-4394-AB5F-0B2A5B6D0B6A}.Release|Any CPU.ActiveCfg = Release|Any CPU
		{9A27917B-2D46-4394-AB5F-0B2A5B6D0B6A}.Release|Any CPU.Build.0 = Release|Any CPU
	EndGlobalSection
	GlobalSection(SolutionProperties) = preSolution
		HideSolutionNode = FALSE
	EndGlobalSection
	GlobalSection(ExtensibilityGlobals) = postSolution
		SolutionGuid = {3BA9E788-9056-4F0B-AF41-C2C128654F18}
	EndGlobalSection
EndGlobal
